
Microsoft Visual Studio Solution File, Format Version 12.00
# Visual Studio 2013
VisualStudioVersion = 12.0.40629.0
MinimumVisualStudioVersion = 10.0.40219.1
Project("{FAE04EC0-301F-11D3-BF4B-00C04F79EFBC}") = "WebAPI", "WebAPI.csproj", "{0521AFF3-8585-4074-BBB4-4ACDE4A75822}"
EndProject
Project("{FAE04EC0-301F-11D3-BF4B-00C04F79EFBC}") = "WebAPI.Common", "WebAPI.Common\WebAPI.Common.csproj", "{5050DF50-27B8-4F8E-BCD6-4D1B7136E392}"
EndProject
Project("{FAE04EC0-301F-11D3-BF4B-00C04F79EFBC}") = "WebAPI.Service", "WebAPI.Service\WebAPI.Service.csproj", "{22F5E5B3-0D85-4BF9-AB9F-068A8DDCA915}"
EndProject
Project("{FAE04EC0-301F-11D3-BF4B-00C04F79EFBC}") = "WebAPI.Data", "WebAPI.Data\WebAPI.Data.csproj", "{A6844C46-3946-4C7C-A713-B1F467B07EFC}"
EndProject
Global
	GlobalSection(SolutionConfigurationPlatforms) = preSolution
		Debug|Any CPU = Debug|Any CPU
		Release|Any CPU = Release|Any CPU
	EndGlobalSection
	GlobalSection(ProjectConfigurationPlatforms) = postSolution
		{0521AFF3-8585-4074-BBB4-4ACDE4A75822}.Debug|Any CPU.ActiveCfg = Debug|Any CPU
		{0521AFF3-8585-4074-BBB4-4ACDE4A75822}.Debug|Any CPU.Build.0 = Debug|Any CPU
		{0521AFF3-8585-4074-BBB4-4ACDE4A75822}.Release|Any CPU.ActiveCfg = Release|Any CPU
		{0521AFF3-8585-4074-BBB4-4ACDE4A75822}.Release|Any CPU.Build.0 = Release|Any CPU
		{5050DF50-27B8-4F8E-BCD6-4D1B7136E392}.Debug|Any CPU.ActiveCfg = Debug|Any CPU
		{5050DF50-27B8-4F8E-BCD6-4D1B7136E392}.Debug|Any CPU.Build.0 = Debug|Any CPU
		{5050DF50-27B8-4F8E-BCD6-4D1B7136E392}.Release|Any CPU.ActiveCfg = Release|Any CPU
		{5050DF50-27B8-4F8E-BCD6-4D1B7136E392}.Release|Any CPU.Build.0 = Release|Any CPU
		{22F5E5B3-0D85-4BF9-AB9F-068A8DDCA915}.Debug|Any CPU.ActiveCfg = Debug|Any CPU
		{22F5E5B3-0D85-4BF9-AB9F-068A8DDCA915}.Debug|Any CPU.Build.0 = Debug|Any CPU
		{22F5E5B3-0D85-4BF9-AB9F-068A8DDCA915}.Release|Any CPU.ActiveCfg = Release|Any CPU
		{22F5E5B3-0D85-4BF9-AB9F-068A8DDCA915}.Release|Any CPU.Build.0 = Release|Any CPU
		{A6844C46-3946-4C7C-A713-B1F467B07EFC}.Debug|Any CPU.ActiveCfg = Debug|Any CPU
		{A6844C46-3946-4C7C-A713-B1F467B07EFC}.Debug|Any CPU.Build.0 = Debug|Any CPU
		{A6844C46-3946-4C7C-A713-B1F467B07EFC}.Release|Any CPU.ActiveCfg = Release|Any CPU
		{A6844C46-3946-4C7C-A713-B1F467B07EFC}.Release|Any CPU.Build.0 = Release|Any CPU
	EndGlobalSection
	GlobalSection(SolutionProperties) = preSolution
		HideSolutionNode = FALSE
	EndGlobalSection
EndGlobal
